{
  "name": "npm_init",
  "version": "1.0.0",
  "lockfileVersion": 2,
  "requires": true,
  "packages": {
    "": {
      "name": "npm_init",
      "version": "1.0.0",
      "license": "ISC",
      "dependencies": {
        "typescript": "4.6.3"
      }
    },
    "node_modules/typescript": {
      "version": "4.6.3",
      "resolved": "https://artifact.swissre.com/api/npm/npm/typescript/-/typescript-4.6.3.tgz",
      "integrity": "sha1-7v6vpq/dMdclWExnoOq6gPb8bGw=",
      "license": "Apache-2.0",
      "bin": {
        "tsc": "bin/tsc",
        "tsserver": "bin/tsserver"
      },
      "engines": {
        "node": ">=4.2.0"
      }
    }
  },
  "dependencies": {
    "typescript": {
      "version": "4.6.3",
      "resolved": "https://artifact.swissre.com/api/npm/npm/typescript/-/typescript-4.6.3.tgz",
      "integrity": "sha1-7v6vpq/dMdclWExnoOq6gPb8bGw="
    }
  }
}
